# THIS IS AN AUTOGENERATED FILE. DO NOT EDIT THIS FILE DIRECTLY.
# yarn lockfile v1


"@types/commander@^2.3.31":
  version "2.12.2"
  resolved "https://registry.yarnpkg.com/@types/commander/-/commander-2.12.2.tgz#183041a23842d4281478fa5d23c5ca78e6fd08ae"
  dependencies:
    commander "*"

"@types/diff@^3.2.0":
  version "3.5.1"
  resolved "https://registry.yarnpkg.com/@types/diff/-/diff-3.5.1.tgz#30253f6e177564ad7da707b1ebe46d3eade71706"

"@types/get-stdin@^5.0.0":
  version "5.0.1"
  resolved "https://registry.yarnpkg.com/@types/get-stdin/-/get-stdin-5.0.1.tgz#46afbcaf09e94fe025afa07ae994ac3168adbdf3"
  dependencies:
    "@types/node" "*"

"@types/node@*":
  version "10.9.4"
  resolved "https://registry.yarnpkg.com/@types/node/-/node-10.9.4.tgz#0f4cb2dc7c1de6096055357f70179043c33e9897"

commander@*, commander@^2.9.0:
  version "2.17.1"
  resolved "https://registry.yarnpkg.com/commander/-/commander-2.17.1.tgz#bd77ab7de6de94205ceacc72f1716d29f20a77bf"

diff@^3.3.0:
  version "3.5.0"
  resolved "https://registry.yarnpkg.com/diff/-/diff-3.5.0.tgz#800c0dd1e0a8bfbc95835c202ad220fe317e5a12"

get-stdin@^5.0.1:
  version "5.0.1"
  resolved "https://registry.yarnpkg.com/get-stdin/-/get-stdin-5.0.1.tgz#122e161591e21ff4c52530305693f20e6393a398"

lua-fmt@^2.6.0:
  version "2.6.0"
  resolved "https://registry.yarnpkg.com/lua-fmt/-/lua-fmt-2.6.0.tgz#ef9ac0573d1da7330dca09c022c39a33aed347a3"
  dependencies:
    "@types/commander" "^2.3.31"
    "@types/diff" "^3.2.0"
    "@types/get-stdin" "^5.0.0"
    commander "^2.9.0"
    diff "^3.3.0"
    get-stdin "^5.0.1"
    luaparse oxyc/luaparse#ac42a00ebf4020b8c9d3219e4b0f84bf7ce6e802

"luaparse@github:oxyc/luaparse#ac42a00ebf4020b8c9d3219e4b0f84bf7ce6e802":
  version "0.2.1"
  resolved "https://codeload.github.com/oxyc/luaparse/tar.gz/ac42a00ebf4020b8c9d3219e4b0f84bf7ce6e802"
